{
  "projects": [
    {
      "projectId": "r3ASNrnyvLLLAtDvzUioQ",
      "version": "3.11.0",
      "dependencies": {},
      "lang": "ts",
      "fileLocks": [
        {
          "assetId": "r3ASNrnyvLLLAtDvzUioQ",
          "type": "projectCss",
          "checksum": "53ede22551b92da23644decfdd3c057d"
        }
      ],
      "codegenVersion": "0.0.1"
    },
    {
      "projectId": "caTPwKxj5ZrD9LQ7DMdK4Z",
      "version": "3.15.0",
      "dependencies": {},
      "lang": "ts",
      "fileLocks": [
        {
          "assetId": "caTPwKxj5ZrD9LQ7DMdK4Z",
          "type": "projectCss",
          "checksum": "83d5f1930066325a8f34ed77f0239d4a"
        }
      ],
      "codegenVersion": "0.0.1"
    },
    {
      "projectId": "84wxoth5npGrp6RRXPL88z",
      "version": "4.12.0",
      "dependencies": {},
      "lang": "ts",
      "fileLocks": [
        {
          "assetId": "84wxoth5npGrp6RRXPL88z",
          "checksum": "9e5d7715fa73643035101a564f263924",
          "type": "globalContexts"
        },
        {
          "assetId": "84wxoth5npGrp6RRXPL88z",
          "type": "projectCss",
          "checksum": "e184cd364175b3f141746a6709ce93c7"
        }
      ],
      "codegenVersion": "0.0.1"
    },
    {
      "projectId": "58GpZjZCWTaJ8AUhpCwt2K",
      "version": "3.12.0",
      "dependencies": {},
      "lang": "ts",
      "fileLocks": [
        {
          "assetId": "58GpZjZCWTaJ8AUhpCwt2K",
          "type": "projectCss",
          "checksum": "a06e29b4588f39bac1efcb497a5439cd"
        }
      ],
      "codegenVersion": "0.0.1"
    },
    {
      "projectId": "5dGW8Awro3qq8Hh5MveXLP",
      "version": "1.11.0",
      "dependencies": {},
      "lang": "ts",
      "fileLocks": [
        {
          "assetId": "5dGW8Awro3qq8Hh5MveXLP",
          "type": "projectCss",
          "checksum": "27c776d9b43712159013c04b3fe9c0e2"
        }
      ],
      "codegenVersion": "0.0.1"
    },
    {
      "projectId": "3gFepDhbdVBaDHe3ms9CNF",
      "version": "latest",
      "dependencies": {
        "5dGW8Awro3qq8Hh5MveXLP": "1.11.0",
        "58GpZjZCWTaJ8AUhpCwt2K": "3.12.0",
        "84wxoth5npGrp6RRXPL88z": "4.12.0",
        "caTPwKxj5ZrD9LQ7DMdK4Z": "3.15.0",
        "r3ASNrnyvLLLAtDvzUioQ": "3.11.0",
        "28Ba3BDvRe7EiWdfFNnLB6": "2.18.0"
      },
      "lang": "ts",
      "fileLocks": [
        {
          "type": "globalVariant",
          "assetId": "nTHrtOLDoRNZ",
          "checksum": "80d44503ad40dd30c1d93b61ad866c45"
        },
        {
          "assetId": "3gFepDhbdVBaDHe3ms9CNF",
          "checksum": "5a0510db1abfce0200f761caea2fae79",
          "type": "globalContexts"
        },
        {
          "type": "renderModule",
          "assetId": "lCdVZS_k-eI",
          "checksum": "e78a49ae2dc8aedc462ce680ee6a1462"
        },
        {
          "type": "cssRules",
          "assetId": "lCdVZS_k-eI",
          "checksum": "e78a49ae2dc8aedc462ce680ee6a1462"
        },
        {
          "type": "renderModule",
          "assetId": "XHeEqiOuKC",
          "checksum": "cdb6652a4cf097126fad30d4bda296d4"
        },
        {
          "type": "cssRules",
          "assetId": "XHeEqiOuKC",
          "checksum": "cdb6652a4cf097126fad30d4bda296d4"
        },
        {
          "type": "renderModule",
          "assetId": "EdywSuH81fY",
          "checksum": "f4e496621a730e49f16709a2f6ea277f"
        },
        {
          "type": "cssRules",
          "assetId": "EdywSuH81fY",
          "checksum": "f4e496621a730e49f16709a2f6ea277f"
        },
        {
          "type": "renderModule",
          "assetId": "GnNzqwgKsTt",
          "checksum": "75baad332dfe47374213f520f1bbbedd"
        },
        {
          "type": "cssRules",
          "assetId": "GnNzqwgKsTt",
          "checksum": "75baad332dfe47374213f520f1bbbedd"
        },
        {
          "type": "renderModule",
          "assetId": "lGeorwDyd2",
          "checksum": "fcca64344070e5b87828d085965d307d"
        },
        {
          "type": "cssRules",
          "assetId": "lGeorwDyd2",
          "checksum": "fcca64344070e5b87828d085965d307d"
        },
        {
          "type": "renderModule",
          "assetId": "8qGb6ylmZB",
          "checksum": "a41faa99c0ecec29987c57e2f60a9bad"
        },
        {
          "type": "cssRules",
          "assetId": "8qGb6ylmZB",
          "checksum": "a41faa99c0ecec29987c57e2f60a9bad"
        },
        {
          "type": "renderModule",
          "assetId": "B2jGwOlICf",
          "checksum": "d745233bec557f28b092aa8bc74357d2"
        },
        {
          "type": "cssRules",
          "assetId": "B2jGwOlICf",
          "checksum": "d745233bec557f28b092aa8bc74357d2"
        },
        {
          "type": "renderModule",
          "assetId": "yXdumaFqeTV",
          "checksum": "6a7efe927b1cd2e7672059610dde1cf4"
        },
        {
          "type": "cssRules",
          "assetId": "yXdumaFqeTV",
          "checksum": "6a7efe927b1cd2e7672059610dde1cf4"
        },
        {
          "type": "renderModule",
          "assetId": "lHrnwZQKsB",
          "checksum": "f5e273c7f748ae866cc0b66847938769"
        },
        {
          "type": "cssRules",
          "assetId": "lHrnwZQKsB",
          "checksum": "f5e273c7f748ae866cc0b66847938769"
        },
        {
          "type": "renderModule",
          "assetId": "e0SGo-44ddg",
          "checksum": "fa768fb60a39b28fa7b2ac2995e0fa28"
        },
        {
          "type": "cssRules",
          "assetId": "e0SGo-44ddg",
          "checksum": "fa768fb60a39b28fa7b2ac2995e0fa28"
        },
        {
          "type": "renderModule",
          "assetId": "ahO08vCw02",
          "checksum": "57a3658438b9518bda2ccc5308678dc4"
        },
        {
          "type": "cssRules",
          "assetId": "ahO08vCw02",
          "checksum": "57a3658438b9518bda2ccc5308678dc4"
        },
        {
          "type": "renderModule",
          "assetId": "_abfkGGSFDK",
          "checksum": "c7e382b48770ed49b0b351e67a37b751"
        },
        {
          "type": "cssRules",
          "assetId": "_abfkGGSFDK",
          "checksum": "c7e382b48770ed49b0b351e67a37b751"
        },
        {
          "type": "renderModule",
          "assetId": "r1h-ZU7-yr8",
          "checksum": "e41789a2d2493744e1c596c829937f7f"
        },
        {
          "type": "cssRules",
          "assetId": "r1h-ZU7-yr8",
          "checksum": "e41789a2d2493744e1c596c829937f7f"
        },
        {
          "type": "renderModule",
          "assetId": "ToHfe5vpUtB",
          "checksum": "caf950afc3bc6e64654ee6f3590f47c0"
        },
        {
          "type": "cssRules",
          "assetId": "ToHfe5vpUtB",
          "checksum": "caf950afc3bc6e64654ee6f3590f47c0"
        },
        {
          "type": "renderModule",
          "assetId": "VVx6RVlFva_",
          "checksum": "bfb04a3451d96e6c0a97bc5f50d3ecbc"
        },
        {
          "type": "cssRules",
          "assetId": "VVx6RVlFva_",
          "checksum": "bfb04a3451d96e6c0a97bc5f50d3ecbc"
        },
        {
          "type": "renderModule",
          "assetId": "KHzLdNOv_W-J",
          "checksum": "82ec9c180c70c1b3a6b28aa858a2c9f2"
        },
        {
          "type": "cssRules",
          "assetId": "KHzLdNOv_W-J",
          "checksum": "82ec9c180c70c1b3a6b28aa858a2c9f2"
        },
        {
          "type": "renderModule",
          "assetId": "5nUaKoc582",
          "checksum": "ee92520037b36d90a89324872c977be6"
        },
        {
          "type": "cssRules",
          "assetId": "5nUaKoc582",
          "checksum": "ee92520037b36d90a89324872c977be6"
        },
        {
          "type": "renderModule",
          "assetId": "xTZIRSRPVMm",
          "checksum": "472af765ec5a6a2349cf3bfa888ad51d"
        },
        {
          "type": "cssRules",
          "assetId": "xTZIRSRPVMm",
          "checksum": "472af765ec5a6a2349cf3bfa888ad51d"
        },
        {
          "type": "renderModule",
          "assetId": "tElkXYyv7hQ",
          "checksum": "2e193f5e77bcaa61de755d30801e1559"
        },
        {
          "type": "cssRules",
          "assetId": "tElkXYyv7hQ",
          "checksum": "2e193f5e77bcaa61de755d30801e1559"
        },
        {
          "type": "icon",
          "assetId": "yC5RvH5pqG9N",
          "checksum": "8f87ed6d31b265d65d698f7a29f0783a"
        },
        {
          "type": "icon",
          "assetId": "l8Dp0zEeeCl0",
          "checksum": "2ab8caef85db81fa4283d1c6fbadcd39"
        },
        {
          "type": "icon",
          "assetId": "4NIp8eY1_A9U",
          "checksum": "04c39af3ba5ed255e8fea5041b3f22c2"
        },
        {
          "type": "icon",
          "assetId": "TrXAW0ajF8qA",
          "checksum": "ee73446108ea7bef2477c84eb5c39b90"
        },
        {
          "type": "icon",
          "assetId": "hQ6DylM3FaV",
          "checksum": "58e37752b60ff4a51543b0281c859fa8"
        },
        {
          "type": "icon",
          "assetId": "AFYVcv3lQLV",
          "checksum": "a94d009d4bde625dfe5a291a3609d5fb"
        },
        {
          "type": "icon",
          "assetId": "etFevd6VlB7",
          "checksum": "b09b308b6241a5d36ef68c487405423e"
        },
        {
          "type": "icon",
          "assetId": "yBejRbWIZPk",
          "checksum": "781954a7e1e0b9dd9d184d08d8a917bf"
        },
        {
          "type": "icon",
          "assetId": "oWVlaMApMae",
          "checksum": "4a71737969f9f438fe7bf8ec94fb5a28"
        },
        {
          "type": "icon",
          "assetId": "CDT-cP8AsTf",
          "checksum": "45143645d1b416280c036b515bc03b40"
        },
        {
          "type": "icon",
          "assetId": "YU6C-P49nca",
          "checksum": "e96be6109fe1528a86eb4e8e31a66ea7"
        },
        {
          "type": "icon",
          "assetId": "OmDA_ypw6s_",
          "checksum": "a06691f859c24ec14f98ac9a0bed81bb"
        },
        {
          "type": "icon",
          "assetId": "xtXSJ3SUeb8I",
          "checksum": "a2526e4d507c9ef2c155f6dc041af3d2"
        },
        {
          "type": "icon",
          "assetId": "nM8o-qq1Ex76",
          "checksum": "502b6b418bd8f54e29f84b4ca0bfcbbd"
        },
        {
          "type": "icon",
          "assetId": "ZcrJf8r-EAOu",
          "checksum": "3f98ab54515aaa7f783668b348511af5"
        },
        {
          "type": "icon",
          "assetId": "89JPcsBZdDHP",
          "checksum": "56fee2fade051473c5be2ffeac430195"
        },
        {
          "type": "icon",
          "assetId": "6lgff9uessuA",
          "checksum": "2c69b3c865321a403cd778d158e4b8f2"
        },
        {
          "type": "image",
          "assetId": "Ktncr4h47dQi",
          "checksum": "9fe5eda79a5ead32f58c3262001cc977"
        },
        {
          "type": "image",
          "assetId": "zv57dYmqSvFr",
          "checksum": "3be9f08d35160af218a6d59d513ccc8e"
        },
        {
          "type": "image",
          "assetId": "NOlGdc9-e",
          "checksum": "300804efb3b65d81147a21bd7156a50d"
        },
        {
          "type": "image",
          "assetId": "XY_ysKgnb",
          "checksum": "e28f9092df7dcc17181ed20170631ef5"
        },
        {
          "type": "image",
          "assetId": "1DSKiRmxg",
          "checksum": "4fd5288fdf98c6851808ee998b0eb834"
        },
        {
          "type": "image",
          "assetId": "YF0GnDVZh",
          "checksum": "1920e59a33e1bfa543082b4be7ac7553"
        },
        {
          "type": "image",
          "assetId": "dF0VhAGLU",
          "checksum": "8d29e3ad70b1073b26bcf2ed6be92d22"
        },
        {
          "type": "image",
          "assetId": "PsSWqoY4O",
          "checksum": "bdc9c337f2b44c04955a285a2a9cf3a3"
        },
        {
          "type": "image",
          "assetId": "jabLstJTK-i",
          "checksum": "d97371e7788684b675025d9773fc12a6"
        },
        {
          "type": "image",
          "assetId": "jY5wg75AbivF",
          "checksum": "7f5d9d344521e5159c3e4d521a2ae0d8"
        },
        {
          "type": "image",
          "assetId": "UwW_ydPEKtDL",
          "checksum": "8119dfd9dfb2b97f5f264e84616bc235"
        },
        {
          "type": "image",
          "assetId": "I_BTwpdu6LXG",
          "checksum": "d776e44eef555d417d79b8e2919bc83a"
        },
        {
          "type": "image",
          "assetId": "G2qtEs4Q7hiG",
          "checksum": "2367fdd3d6a045728077c42e23ddd25b"
        },
        {
          "type": "image",
          "assetId": "skQWOgK1dZ18",
          "checksum": "e4814ff6726f0d92d8560c8930ef3cd1"
        },
        {
          "type": "image",
          "assetId": "gRNP9KE1e",
          "checksum": "b63625c037759836078115e999e37941"
        },
        {
          "type": "image",
          "assetId": "2sGy_DZrN",
          "checksum": "e30cc98adc6f7711fea68e8b5f383203"
        },
        {
          "type": "image",
          "assetId": "wy934tu0d",
          "checksum": "a9244e3e8f8953fc78b2c65eabe066bf"
        },
        {
          "type": "image",
          "assetId": "bP3nhY490",
          "checksum": "d97b2db03af781dad5295dd071dd262c"
        },
        {
          "type": "image",
          "assetId": "XEspwGGzk",
          "checksum": "066804fd3ab7247473d32688948d1f3c"
        },
        {
          "type": "image",
          "assetId": "zgPghVTjG",
          "checksum": "c583c1d2e0b6544cba3c4871539bcf3c"
        },
        {
          "type": "image",
          "assetId": "FeGYpY7e_",
          "checksum": "d8a15010d146d46492de00309388b3a2"
        },
        {
          "type": "image",
          "assetId": "MZPiqF6Rm",
          "checksum": "8ffccd4b2909e545e253e555c5737cae"
        },
        {
          "type": "image",
          "assetId": "n1Q030jSF",
          "checksum": "d7029f16d9fa34e2f9eae1ee9e9be7e2"
        },
        {
          "type": "image",
          "assetId": "5GrKgSZee",
          "checksum": "afb8dde01773887f0327e5ff0a373889"
        },
        {
          "type": "image",
          "assetId": "Ugtjrw73C",
          "checksum": "69c8aaf9bf906b29f3d97c4a0ed13032"
        },
        {
          "type": "image",
          "assetId": "jsuD4abh4",
          "checksum": "01c81f46a11eb261e4e0b44a7dcb1604"
        },
        {
          "type": "image",
          "assetId": "KXD4xO8pF",
          "checksum": "5ac380a119d97199885d5bd60fe53061"
        },
        {
          "type": "image",
          "assetId": "g9HgjEZVE",
          "checksum": "b824fa52e5178ef07b8baee1ae3099d9"
        },
        {
          "type": "image",
          "assetId": "4MYQCvz2N",
          "checksum": "fc3117ad54c8b37f1052fe04099ecfdd"
        },
        {
          "type": "image",
          "assetId": "8pIH4sm9u",
          "checksum": "64ad4e93f45e132da0af06da7daa7dfa"
        },
        {
          "type": "image",
          "assetId": "L3TtYKIB8",
          "checksum": "75ebc51030f99ff6bbea56eb55188307"
        },
        {
          "type": "image",
          "assetId": "ZIlASXP2l",
          "checksum": "a1516d8021ab3a134f24b58e2f64029a"
        },
        {
          "type": "image",
          "assetId": "UWCeMBvph",
          "checksum": "7f930fbe037e8fc83ec57863fee39901"
        },
        {
          "type": "globalVariant",
          "assetId": "ny2Gq6K6Nu",
          "checksum": "e7d466999028e11a3cccc7d994d6b5ec"
        },
        {
          "type": "renderModule",
          "assetId": "rFC3bDGSFi",
          "checksum": "d8d5488b73fdcd418ba37cb8e35812b8"
        },
        {
          "type": "cssRules",
          "assetId": "rFC3bDGSFi",
          "checksum": "d8d5488b73fdcd418ba37cb8e35812b8"
        },
        {
          "type": "renderModule",
          "assetId": "Ileul2qWha",
          "checksum": "14689aff1132f5f6419a732e397b0fce"
        },
        {
          "type": "cssRules",
          "assetId": "Ileul2qWha",
          "checksum": "14689aff1132f5f6419a732e397b0fce"
        },
        {
          "type": "renderModule",
          "assetId": "0NfgCekfoz",
          "checksum": "15363144c2ff34a2af280ad08207693b"
        },
        {
          "type": "cssRules",
          "assetId": "0NfgCekfoz",
          "checksum": "15363144c2ff34a2af280ad08207693b"
        },
        {
          "type": "image",
          "assetId": "H_2iMXFPA",
          "checksum": "a467c1ed83caeda1f755a831a1773172"
        },
        {
          "type": "image",
          "assetId": "OkYJC-w3F",
          "checksum": "9db630e7ff8122b154109caf9f5ba02f"
        },
        {
          "type": "image",
          "assetId": "TrALTayw_",
          "checksum": "ee29a4eba1a90dfb5f28a420aa2e898b"
        },
        {
          "type": "image",
          "assetId": "uq1LrOaRU",
          "checksum": "f4e1139a238b2766f4efdd56202609cb"
        },
        {
          "assetId": "3gFepDhbdVBaDHe3ms9CNF",
          "type": "projectCss",
          "checksum": "02f8931e9eed3cf1a2d2f3b2e5d6193b"
        }
      ],
      "codegenVersion": "0.0.1"
    },
    {
      "projectId": "28Ba3BDvRe7EiWdfFNnLB6",
      "version": "2.18.0",
      "dependencies": {},
      "lang": "ts",
      "fileLocks": [
        {
          "assetId": "28Ba3BDvRe7EiWdfFNnLB6",
          "type": "projectCss",
          "checksum": "acc49002cf2bb27c825cd645bcdb7311"
        }
      ],
      "codegenVersion": "0.0.1"
    }
  ],
  "cliVersion": "0.1.206"
}
