{
  "projects": [
    {
      "projectId": "r3ASNrnyvLLLAtDvzUioQ",
      "version": "3.8.0",
      "dependencies": {},
      "lang": "ts",
      "fileLocks": [
        {
          "assetId": "r3ASNrnyvLLLAtDvzUioQ",
          "type": "projectCss",
          "checksum": "7d1dbacf8e8dfb8f835321834e1f308e"
        }
      ],
      "codegenVersion": "0.0.1"
    },
    {
      "projectId": "caTPwKxj5ZrD9LQ7DMdK4Z",
      "version": "3.11.0",
      "dependencies": {},
      "lang": "ts",
      "fileLocks": [
        {
          "assetId": "caTPwKxj5ZrD9LQ7DMdK4Z",
          "type": "projectCss",
          "checksum": "3f861d9934733b06ddcc0158487615ce"
        }
      ],
      "codegenVersion": "0.0.1"
    },
    {
      "projectId": "84wxoth5npGrp6RRXPL88z",
      "version": "4.8.0",
      "dependencies": {},
      "lang": "ts",
      "fileLocks": [
        {
          "assetId": "84wxoth5npGrp6RRXPL88z",
          "type": "projectCss",
          "checksum": "19d873a43cd29ae40e2d9c68ba437a3e"
        },
        {
          "assetId": "84wxoth5npGrp6RRXPL88z",
          "checksum": "d5dcbb72688a7935971d853f790bc38e",
          "type": "globalContexts"
        }
      ],
      "codegenVersion": "0.0.1"
    },
    {
      "projectId": "58GpZjZCWTaJ8AUhpCwt2K",
      "version": "3.8.0",
      "dependencies": {},
      "lang": "ts",
      "fileLocks": [
        {
          "assetId": "58GpZjZCWTaJ8AUhpCwt2K",
          "type": "projectCss",
          "checksum": "dbf25c878cd885da8866557c058b53ff"
        }
      ],
      "codegenVersion": "0.0.1"
    },
    {
      "projectId": "5dGW8Awro3qq8Hh5MveXLP",
      "version": "1.8.0",
      "dependencies": {},
      "lang": "ts",
      "fileLocks": [
        {
          "assetId": "5dGW8Awro3qq8Hh5MveXLP",
          "type": "projectCss",
          "checksum": "07c36a38799842526776097683a8c192"
        }
      ],
      "codegenVersion": "0.0.1"
    },
    {
      "projectId": "3gFepDhbdVBaDHe3ms9CNF",
      "version": "latest",
      "dependencies": {
        "5dGW8Awro3qq8Hh5MveXLP": "1.8.0",
        "58GpZjZCWTaJ8AUhpCwt2K": "3.8.0",
        "84wxoth5npGrp6RRXPL88z": "4.8.0",
        "caTPwKxj5ZrD9LQ7DMdK4Z": "3.11.0",
        "r3ASNrnyvLLLAtDvzUioQ": "3.8.0"
      },
      "lang": "ts",
      "fileLocks": [
        {
          "type": "globalVariant",
          "assetId": "nTHrtOLDoRNZ",
          "checksum": "6386088590ec71aff6a33d6682adb83c"
        },
        {
          "assetId": "3gFepDhbdVBaDHe3ms9CNF",
          "checksum": "dcaca3e749eb94d3b05e1134ff58669a",
          "type": "globalContexts"
        },
        {
          "type": "renderModule",
          "assetId": "lCdVZS_k-eI",
          "checksum": "9bf9c3f44dc0691520384b7f29213903"
        },
        {
          "type": "cssRules",
          "assetId": "lCdVZS_k-eI",
          "checksum": "9bf9c3f44dc0691520384b7f29213903"
        },
        {
          "type": "renderModule",
          "assetId": "XHeEqiOuKC",
          "checksum": "354e7ea2dcd269accc228e9de7931965"
        },
        {
          "type": "cssRules",
          "assetId": "XHeEqiOuKC",
          "checksum": "354e7ea2dcd269accc228e9de7931965"
        },
        {
          "type": "renderModule",
          "assetId": "EdywSuH81fY",
          "checksum": "42e66daa55b30574cfa9b0660b324f18"
        },
        {
          "type": "cssRules",
          "assetId": "EdywSuH81fY",
          "checksum": "42e66daa55b30574cfa9b0660b324f18"
        },
        {
          "type": "renderModule",
          "assetId": "GnNzqwgKsTt",
          "checksum": "9ff374873f7c6a9b28d6156c0df572fe"
        },
        {
          "type": "cssRules",
          "assetId": "GnNzqwgKsTt",
          "checksum": "9ff374873f7c6a9b28d6156c0df572fe"
        },
        {
          "type": "renderModule",
          "assetId": "lGeorwDyd2",
          "checksum": "68536ba19a0734ba9357ae8dedd873b7"
        },
        {
          "type": "cssRules",
          "assetId": "lGeorwDyd2",
          "checksum": "68536ba19a0734ba9357ae8dedd873b7"
        },
        {
          "type": "renderModule",
          "assetId": "8qGb6ylmZB",
          "checksum": "ae96512c2acd5236c0955808b91d0d3b"
        },
        {
          "type": "cssRules",
          "assetId": "8qGb6ylmZB",
          "checksum": "ae96512c2acd5236c0955808b91d0d3b"
        },
        {
          "type": "renderModule",
          "assetId": "B2jGwOlICf",
          "checksum": "148d292d44aa142e01c7d28213b3d807"
        },
        {
          "type": "cssRules",
          "assetId": "B2jGwOlICf",
          "checksum": "148d292d44aa142e01c7d28213b3d807"
        },
        {
          "type": "renderModule",
          "assetId": "yXdumaFqeTV",
          "checksum": "a887e059be29834cf4c8ed963239e429"
        },
        {
          "type": "cssRules",
          "assetId": "yXdumaFqeTV",
          "checksum": "a887e059be29834cf4c8ed963239e429"
        },
        {
          "type": "renderModule",
          "assetId": "lHrnwZQKsB",
          "checksum": "3a7d66bc9aa18bc52902d36e0c7c4f81"
        },
        {
          "type": "cssRules",
          "assetId": "lHrnwZQKsB",
          "checksum": "3a7d66bc9aa18bc52902d36e0c7c4f81"
        },
        {
          "type": "renderModule",
          "assetId": "e0SGo-44ddg",
          "checksum": "3272ae173c9cb67e17ab86f74f280fd9"
        },
        {
          "type": "cssRules",
          "assetId": "e0SGo-44ddg",
          "checksum": "3272ae173c9cb67e17ab86f74f280fd9"
        },
        {
          "type": "renderModule",
          "assetId": "ahO08vCw02",
          "checksum": "56bedd6926631deb3bc7fa72aacbdcbe"
        },
        {
          "type": "cssRules",
          "assetId": "ahO08vCw02",
          "checksum": "56bedd6926631deb3bc7fa72aacbdcbe"
        },
        {
          "type": "renderModule",
          "assetId": "_abfkGGSFDK",
          "checksum": "b237ed07713a32b7ef5b914f16e49a65"
        },
        {
          "type": "cssRules",
          "assetId": "_abfkGGSFDK",
          "checksum": "b237ed07713a32b7ef5b914f16e49a65"
        },
        {
          "type": "renderModule",
          "assetId": "r1h-ZU7-yr8",
          "checksum": "17f4955b66a7933287a838dfb2a27191"
        },
        {
          "type": "cssRules",
          "assetId": "r1h-ZU7-yr8",
          "checksum": "17f4955b66a7933287a838dfb2a27191"
        },
        {
          "type": "renderModule",
          "assetId": "ToHfe5vpUtB",
          "checksum": "a79bba91d425ba61f8b87eef46176b10"
        },
        {
          "type": "cssRules",
          "assetId": "ToHfe5vpUtB",
          "checksum": "a79bba91d425ba61f8b87eef46176b10"
        },
        {
          "type": "renderModule",
          "assetId": "VVx6RVlFva_",
          "checksum": "b09901f08517c347ec8d31250adcc9af"
        },
        {
          "type": "cssRules",
          "assetId": "VVx6RVlFva_",
          "checksum": "b09901f08517c347ec8d31250adcc9af"
        },
        {
          "type": "renderModule",
          "assetId": "KHzLdNOv_W-J",
          "checksum": "6dd1866b7878c9100e8df82a08b928c6"
        },
        {
          "type": "cssRules",
          "assetId": "KHzLdNOv_W-J",
          "checksum": "6dd1866b7878c9100e8df82a08b928c6"
        },
        {
          "type": "renderModule",
          "assetId": "5nUaKoc582",
          "checksum": "3e6fbe1947ff86f6f66376d1f67b4ac3"
        },
        {
          "type": "cssRules",
          "assetId": "5nUaKoc582",
          "checksum": "3e6fbe1947ff86f6f66376d1f67b4ac3"
        },
        {
          "type": "renderModule",
          "assetId": "xTZIRSRPVMm",
          "checksum": "afa08f08e6ed897facee7444adc1f1f6"
        },
        {
          "type": "cssRules",
          "assetId": "xTZIRSRPVMm",
          "checksum": "afa08f08e6ed897facee7444adc1f1f6"
        },
        {
          "type": "renderModule",
          "assetId": "tElkXYyv7hQ",
          "checksum": "ec3f1b94dc1d527ce7953158c695013c"
        },
        {
          "type": "cssRules",
          "assetId": "tElkXYyv7hQ",
          "checksum": "ec3f1b94dc1d527ce7953158c695013c"
        },
        {
          "type": "icon",
          "assetId": "yC5RvH5pqG9N",
          "checksum": "8f87ed6d31b265d65d698f7a29f0783a"
        },
        {
          "type": "icon",
          "assetId": "l8Dp0zEeeCl0",
          "checksum": "2ab8caef85db81fa4283d1c6fbadcd39"
        },
        {
          "type": "icon",
          "assetId": "4NIp8eY1_A9U",
          "checksum": "04c39af3ba5ed255e8fea5041b3f22c2"
        },
        {
          "type": "icon",
          "assetId": "TrXAW0ajF8qA",
          "checksum": "ee73446108ea7bef2477c84eb5c39b90"
        },
        {
          "type": "icon",
          "assetId": "hQ6DylM3FaV",
          "checksum": "58e37752b60ff4a51543b0281c859fa8"
        },
        {
          "type": "icon",
          "assetId": "AFYVcv3lQLV",
          "checksum": "a94d009d4bde625dfe5a291a3609d5fb"
        },
        {
          "type": "icon",
          "assetId": "etFevd6VlB7",
          "checksum": "b09b308b6241a5d36ef68c487405423e"
        },
        {
          "type": "icon",
          "assetId": "yBejRbWIZPk",
          "checksum": "781954a7e1e0b9dd9d184d08d8a917bf"
        },
        {
          "type": "icon",
          "assetId": "oWVlaMApMae",
          "checksum": "4a71737969f9f438fe7bf8ec94fb5a28"
        },
        {
          "type": "icon",
          "assetId": "CDT-cP8AsTf",
          "checksum": "45143645d1b416280c036b515bc03b40"
        },
        {
          "type": "icon",
          "assetId": "YU6C-P49nca",
          "checksum": "e96be6109fe1528a86eb4e8e31a66ea7"
        },
        {
          "type": "icon",
          "assetId": "OmDA_ypw6s_",
          "checksum": "a06691f859c24ec14f98ac9a0bed81bb"
        },
        {
          "type": "icon",
          "assetId": "xtXSJ3SUeb8I",
          "checksum": "a2526e4d507c9ef2c155f6dc041af3d2"
        },
        {
          "type": "icon",
          "assetId": "nM8o-qq1Ex76",
          "checksum": "502b6b418bd8f54e29f84b4ca0bfcbbd"
        },
        {
          "type": "icon",
          "assetId": "ZcrJf8r-EAOu",
          "checksum": "3f98ab54515aaa7f783668b348511af5"
        },
        {
          "type": "icon",
          "assetId": "89JPcsBZdDHP",
          "checksum": "56fee2fade051473c5be2ffeac430195"
        },
        {
          "type": "icon",
          "assetId": "6lgff9uessuA",
          "checksum": "2c69b3c865321a403cd778d158e4b8f2"
        },
        {
          "type": "image",
          "assetId": "Ktncr4h47dQi",
          "checksum": "9fe5eda79a5ead32f58c3262001cc977"
        },
        {
          "type": "image",
          "assetId": "zv57dYmqSvFr",
          "checksum": "3be9f08d35160af218a6d59d513ccc8e"
        },
        {
          "type": "image",
          "assetId": "NOlGdc9-e",
          "checksum": "300804efb3b65d81147a21bd7156a50d"
        },
        {
          "type": "image",
          "assetId": "XY_ysKgnb",
          "checksum": "e28f9092df7dcc17181ed20170631ef5"
        },
        {
          "type": "image",
          "assetId": "1DSKiRmxg",
          "checksum": "4fd5288fdf98c6851808ee998b0eb834"
        },
        {
          "type": "image",
          "assetId": "YF0GnDVZh",
          "checksum": "1920e59a33e1bfa543082b4be7ac7553"
        },
        {
          "type": "image",
          "assetId": "dF0VhAGLU",
          "checksum": "8d29e3ad70b1073b26bcf2ed6be92d22"
        },
        {
          "type": "image",
          "assetId": "PsSWqoY4O",
          "checksum": "bdc9c337f2b44c04955a285a2a9cf3a3"
        },
        {
          "type": "image",
          "assetId": "jabLstJTK-i",
          "checksum": "d97371e7788684b675025d9773fc12a6"
        },
        {
          "type": "image",
          "assetId": "jY5wg75AbivF",
          "checksum": "7f5d9d344521e5159c3e4d521a2ae0d8"
        },
        {
          "type": "image",
          "assetId": "UwW_ydPEKtDL",
          "checksum": "8119dfd9dfb2b97f5f264e84616bc235"
        },
        {
          "type": "image",
          "assetId": "I_BTwpdu6LXG",
          "checksum": "d776e44eef555d417d79b8e2919bc83a"
        },
        {
          "type": "image",
          "assetId": "G2qtEs4Q7hiG",
          "checksum": "2367fdd3d6a045728077c42e23ddd25b"
        },
        {
          "type": "image",
          "assetId": "skQWOgK1dZ18",
          "checksum": "e4814ff6726f0d92d8560c8930ef3cd1"
        },
        {
          "type": "image",
          "assetId": "gRNP9KE1e",
          "checksum": "b63625c037759836078115e999e37941"
        },
        {
          "type": "image",
          "assetId": "2sGy_DZrN",
          "checksum": "e30cc98adc6f7711fea68e8b5f383203"
        },
        {
          "type": "image",
          "assetId": "wy934tu0d",
          "checksum": "a9244e3e8f8953fc78b2c65eabe066bf"
        },
        {
          "type": "image",
          "assetId": "bP3nhY490",
          "checksum": "d97b2db03af781dad5295dd071dd262c"
        },
        {
          "type": "image",
          "assetId": "XEspwGGzk",
          "checksum": "066804fd3ab7247473d32688948d1f3c"
        },
        {
          "type": "image",
          "assetId": "zgPghVTjG",
          "checksum": "c583c1d2e0b6544cba3c4871539bcf3c"
        },
        {
          "type": "image",
          "assetId": "FeGYpY7e_",
          "checksum": "d8a15010d146d46492de00309388b3a2"
        },
        {
          "type": "image",
          "assetId": "MZPiqF6Rm",
          "checksum": "8ffccd4b2909e545e253e555c5737cae"
        },
        {
          "type": "image",
          "assetId": "n1Q030jSF",
          "checksum": "d7029f16d9fa34e2f9eae1ee9e9be7e2"
        },
        {
          "type": "image",
          "assetId": "5GrKgSZee",
          "checksum": "afb8dde01773887f0327e5ff0a373889"
        },
        {
          "type": "image",
          "assetId": "Ugtjrw73C",
          "checksum": "69c8aaf9bf906b29f3d97c4a0ed13032"
        },
        {
          "type": "image",
          "assetId": "jsuD4abh4",
          "checksum": "01c81f46a11eb261e4e0b44a7dcb1604"
        },
        {
          "type": "image",
          "assetId": "KXD4xO8pF",
          "checksum": "5ac380a119d97199885d5bd60fe53061"
        },
        {
          "type": "image",
          "assetId": "g9HgjEZVE",
          "checksum": "b824fa52e5178ef07b8baee1ae3099d9"
        },
        {
          "type": "image",
          "assetId": "4MYQCvz2N",
          "checksum": "fc3117ad54c8b37f1052fe04099ecfdd"
        },
        {
          "type": "image",
          "assetId": "8pIH4sm9u",
          "checksum": "64ad4e93f45e132da0af06da7daa7dfa"
        },
        {
          "type": "image",
          "assetId": "L3TtYKIB8",
          "checksum": "75ebc51030f99ff6bbea56eb55188307"
        },
        {
          "type": "image",
          "assetId": "ZIlASXP2l",
          "checksum": "a1516d8021ab3a134f24b58e2f64029a"
        },
        {
          "type": "image",
          "assetId": "UWCeMBvph",
          "checksum": "7f930fbe037e8fc83ec57863fee39901"
        },
        {
          "assetId": "3gFepDhbdVBaDHe3ms9CNF",
          "type": "projectCss",
          "checksum": "82e807ebd039560a26e1dda4f27a8a19"
        }
      ],
      "codegenVersion": "0.0.1"
    }
  ],
  "cliVersion": "0.1.206"
}
